// !$*UTF8*$!
{
	archiveVersion = 1;
	classes = {
	};
	objectVersion = 56;
	objects = {

/* Begin PBXBuildFile section */
		5152E9852C30637F0050ED2D /* HiBubble.rcproject in Sources */ = {isa = PBXBuildFile; fileRef = 5152E9842C30637F0050ED2D /* HiBubble.rcproject */; };
		5152E9872C3063E00050ED2D /* CoolGlasses.rcproject in Sources */ = {isa = PBXBuildFile; fileRef = 5152E9862C3063E00050ED2D /* CoolGlasses.rcproject */; };
		5152E9892C3063E80050ED2D /* BuilderHat.rcproject in Sources */ = {isa = PBXBuildFile; fileRef = 5152E9882C3063E80050ED2D /* BuilderHat.rcproject */; };
		51C305C52C2DED8100ABAA02 /* FirebaseCrashlytics in Frameworks */ = {isa = PBXBuildFile; productRef = 51C305C42C2DED8100ABAA02 /* FirebaseCrashlytics */; };
		51EED8532C2DB854003F9E50 /* AppDelegate.swift in Sources */ = {isa = PBXBuildFile; fileRef = 51EED8522C2DB854003F9E50 /* AppDelegate.swift */; };
		51EED8552C2DB854003F9E50 /* ContentView.swift in Sources */ = {isa = PBXBuildFile; fileRef = 51EED8542C2DB854003F9E50 /* ContentView.swift */; };
		51EED8572C2DB855003F9E50 /* Assets.xcassets in Resources */ = {isa = PBXBuildFile; fileRef = 51EED8562C2DB855003F9E50 /* Assets.xcassets */; };
		51EED85A2C2DB855003F9E50 /* Preview Assets.xcassets in Resources */ = {isa = PBXBuildFile; fileRef = 51EED8592C2DB855003F9E50 /* Preview Assets.xcassets */; };
		51EED8612C2DB970003F9E50 /* PartyGlasses.rcproject in Sources */ = {isa = PBXBuildFile; fileRef = 51EED8602C2DB970003F9E50 /* PartyGlasses.rcproject */; };
		51EED8632C2DBBDA003F9E50 /* GoogleService-Info.plist in Resources */ = {isa = PBXBuildFile; fileRef = 51EED8622C2DBBDA003F9E50 /* GoogleService-Info.plist */; };
/* End PBXBuildFile section */

/* Begin PBXFileReference section */
		5152E9842C30637F0050ED2D /* HiBubble.rcproject */ = {isa = PBXFileReference; lastKnownFileType = file.rcproject; path = HiBubble.rcproject; sourceTree = "<group>"; };
		5152E9862C3063E00050ED2D /* CoolGlasses.rcproject */ = {isa = PBXFileReference; lastKnownFileType = file.rcproject; path = CoolGlasses.rcproject; sourceTree = "<group>"; };
		5152E9882C3063E80050ED2D /* BuilderHat.rcproject */ = {isa = PBXFileReference; lastKnownFileType = file.rcproject; path = BuilderHat.rcproject; sourceTree = "<group>"; };
		51C305C12C2DE73000ABAA02 /* Info.plist */ = {isa = PBXFileReference; lastKnownFileType = text.plist; path = Info.plist; sourceTree = "<group>"; };
		51EED84F2C2DB854003F9E50 /* myMaskApp.app */ = {isa = PBXFileReference; explicitFileType = wrapper.application; includeInIndex = 0; path = myMaskApp.app; sourceTree = BUILT_PRODUCTS_DIR; };
		51EED8522C2DB854003F9E50 /* AppDelegate.swift */ = {isa = PBXFileReference; lastKnownFileType = sourcecode.swift; path = AppDelegate.swift; sourceTree = "<group>"; };
		51EED8542C2DB854003F9E50 /* ContentView.swift */ = {isa = PBXFileReference; lastKnownFileType = sourcecode.swift; path = ContentView.swift; sourceTree = "<group>"; };
		51EED8562C2DB855003F9E50 /* Assets.xcassets */ = {isa = PBXFileReference; lastKnownFileType = folder.assetcatalog; path = Assets.xcassets; sourceTree = "<group>"; };
		51EED8592C2DB855003F9E50 /* Preview Assets.xcassets */ = {isa = PBXFileReference; lastKnownFileType = folder.assetcatalog; path = "Preview Assets.xcassets"; sourceTree = "<group>"; };
		51EED8602C2DB970003F9E50 /* PartyGlasses.rcproject */ = {isa = PBXFileReference; lastKnownFileType = file.rcproject; path = PartyGlasses.rcproject; sourceTree = "<group>"; };
		51EED8622C2DBBDA003F9E50 /* GoogleService-Info.plist */ = {isa = PBXFileReference; fileEncoding = 4; lastKnownFileType = text.plist.xml; path = "GoogleService-Info.plist"; sourceTree = "<group>"; };
/* End PBXFileReference section */

/* Begin PBXFrameworksBuildPhase section */
		51EED84C2C2DB854003F9E50 /* Frameworks */ = {
			isa = PBXFrameworksBuildPhase;
			buildActionMask = 2147483647;
			files = (
				51C305C52C2DED8100ABAA02 /* FirebaseCrashlytics in Frameworks */,
			);
			runOnlyForDeploymentPostprocessing = 0;
		};
/* End PBXFrameworksBuildPhase section */

/* Begin PBXGroup section */
		51EED8462C2DB854003F9E50 = {
			isa = PBXGroup;
			children = (
				51EED8512C2DB854003F9E50 /* myMaskApp */,
				51EED8502C2DB854003F9E50 /* Products */,
			);
			sourceTree = "<group>";
		};
		51EED8502C2DB854003F9E50 /* Products */ = {
			isa = PBXGroup;
			children = (
				51EED84F2C2DB854003F9E50 /* myMaskApp.app */,
			);
			name = Products;
			sourceTree = "<group>";
		};
		51EED8512C2DB854003F9E50 /* myMaskApp */ = {
			isa = PBXGroup;
			children = (
				5152E9842C30637F0050ED2D /* HiBubble.rcproject */,
				5152E9862C3063E00050ED2D /* CoolGlasses.rcproject */,
				5152E9882C3063E80050ED2D /* BuilderHat.rcproject */,
				51C305C12C2DE73000ABAA02 /* Info.plist */,
				51EED8622C2DBBDA003F9E50 /* GoogleService-Info.plist */,
				51EED8602C2DB970003F9E50 /* PartyGlasses.rcproject */,
				51EED8522C2DB854003F9E50 /* AppDelegate.swift */,
				51EED8542C2DB854003F9E50 /* ContentView.swift */,
				51EED8562C2DB855003F9E50 /* Assets.xcassets */,
				51EED8582C2DB855003F9E50 /* Preview Content */,
			);
			path = myMaskApp;
			sourceTree = "<group>";
		};
		51EED8582C2DB855003F9E50 /* Preview Content */ = {
			isa = PBXGroup;
			children = (
				51EED8592C2DB855003F9E50 /* Preview Assets.xcassets */,
			);
			path = "Preview Content";
			sourceTree = "<group>";
		};
/* End PBXGroup section */

/* Begin PBXNativeTarget section */
		51EED84E2C2DB854003F9E50 /* myMaskApp */ = {
			isa = PBXNativeTarget;
			buildConfigurationList = 51EED85D2C2DB855003F9E50 /* Build configuration list for PBXNativeTarget "myMaskApp" */;
			buildPhases = (
				51EED84B2C2DB854003F9E50 /* Sources */,
				51EED84C2C2DB854003F9E50 /* Frameworks */,
				51EED84D2C2DB854003F9E50 /* Resources */,
				51C305C22C2DE93300ABAA02 /* ShellScript */,
			);
			buildRules = (
			);
			dependencies = (
			);
			name = myMaskApp;
			packageProductDependencies = (
				51C305C42C2DED8100ABAA02 /* FirebaseCrashlytics */,
			);
			productName = myMaskApp;
			productReference = 51EED84F2C2DB854003F9E50 /* myMaskApp.app */;
			productType = "com.apple.product-type.application";
		};
/* End PBXNativeTarget section */

/* Begin PBXProject section */
		51EED8472C2DB854003F9E50 /* Project object */ = {
			isa = PBXProject;
			attributes = {
				BuildIndependentTargetsInParallel = 1;
				LastSwiftUpdateCheck = 1540;
				LastUpgradeCheck = 1540;
				TargetAttributes = {
					51EED84E2C2DB854003F9E50 = {
						CreatedOnToolsVersion = 15.4;
					};
				};
			};
			buildConfigurationList = 51EED84A2C2DB854003F9E50 /* Build configuration list for PBXProject "myMaskApp" */;
			compatibilityVersion = "Xcode 14.0";
			developmentRegion = en;
			hasScannedForEncodings = 0;
			knownRegions = (
				en,
				Base,
			);
			mainGroup = 51EED8462C2DB854003F9E50;
			packageReferences = (
				51C305C32C2DED8100ABAA02 /* XCRemoteSwiftPackageReference "firebase-ios-sdk" */,
			);
			productRefGroup = 51EED8502C2DB854003F9E50 /* Products */;
			projectDirPath = "";
			projectRoot = "";
			targets = (
				51EED84E2C2DB854003F9E50 /* myMaskApp */,
			);
		};
/* End PBXProject section */

/* Begin PBXResourcesBuildPhase section */
		51EED84D2C2DB854003F9E50 /* Resources */ = {
			isa = PBXResourcesBuildPhase;
			buildActionMask = 2147483647;
			files = (
				51EED85A2C2DB855003F9E50 /* Preview Assets.xcassets in Resources */,
				51EED8572C2DB855003F9E50 /* Assets.xcassets in Resources */,
				51EED8632C2DBBDA003F9E50 /* GoogleService-Info.plist in Resources */,
			);
			runOnlyForDeploymentPostprocessing = 0;
		};
/* End PBXResourcesBuildPhase section */

/* Begin PBXShellScriptBuildPhase section */
		51C305C22C2DE93300ABAA02 /* ShellScript */ = {
			isa = PBXShellScriptBuildPhase;
			buildActionMask = 2147483647;
			files = (
			);
			inputFileListPaths = (
			);
			inputPaths = (
				"${DWARF_DSYM_FOLDER_PATH}/${DWARF_DSYM_FILE_NAME}",
				"${DWARF_DSYM_FOLDER_PATH}/${DWARF_DSYM_FILE_NAME}/Contents/Resources/DWARF/${PRODUCT_NAME}",
				"${DWARF_DSYM_FOLDER_PATH}/${DWARF_DSYM_FILE_NAME}/Contents/Info.plist",
				"$(TARGET_BUILD_DIR)/$(UNLOCALIZED_RESOURCES_FOLDER_PATH)/GoogleService-Info.plist",
				"$(TARGET_BUILD_DIR)/$(EXECUTABLE_PATH)",
			);
			outputFileListPaths = (
			);
			outputPaths = (
			);
			runOnlyForDeploymentPostprocessing = 0;
			shellPath = /bin/bash;
			shellScript = "\"${BUILD_DIR%/Build/*}/SourcePackages/checkouts/firebase-ios-sdk/Crashlytics/run\"\n";
		};
/* End PBXShellScriptBuildPhase section */

/* Begin PBXSourcesBuildPhase section */
		51EED84B2C2DB854003F9E50 /* Sources */ = {
			isa = PBXSourcesBuildPhase;
			buildActionMask = 2147483647;
			files = (
				51EED8552C2DB854003F9E50 /* ContentView.swift in Sources */,
				5152E9852C30637F0050ED2D /* HiBubble.rcproject in Sources */,
				5152E9892C3063E80050ED2D /* BuilderHat.rcproject in Sources */,
				51EED8612C2DB970003F9E50 /* PartyGlasses.rcproject in Sources */,
				51EED8532C2DB854003F9E50 /* AppDelegate.swift in Sources */,
				5152E9872C3063E00050ED2D /* CoolGlasses.rcproject in Sources */,
			);
			runOnlyForDeploymentPostprocessing = 0;
		};
/* End PBXSourcesBuildPhase section */

/* Begin XCBuildConfiguration section */
		51EED85B2C2DB855003F9E50 /* Debug */ = {
			isa = XCBuildConfiguration;
			buildSettings = {
				ALWAYS_SEARCH_USER_PATHS = NO;
				ASSETCATALOG_COMPILER_GENERATE_SWIFT_ASSET_SYMBOL_EXTENSIONS = YES;
				CLANG_ANALYZER_NONNULL = YES;
				CLANG_ANALYZER_NUMBER_OBJECT_CONVERSION = YES_AGGRESSIVE;
				CLANG_CXX_LANGUAGE_STANDARD = "gnu++20";
				CLANG_ENABLE_MODULES = YES;
				CLANG_ENABLE_OBJC_ARC = YES;
				CLANG_ENABLE_OBJC_WEAK = YES;
				CLANG_WARN_BLOCK_CAPTURE_AUTORELEASING = YES;
				CLANG_WARN_BOOL_CONVERSION = YES;
				CLANG_WARN_COMMA = YES;
				CLANG_WARN_CONSTANT_CONVERSION = YES;
				CLANG_WARN_DEPRECATED_OBJC_IMPLEMENTATIONS = YES;
				CLANG_WARN_DIRECT_OBJC_ISA_USAGE = YES_ERROR;
				CLANG_WARN_DOCUMENTATION_COMMENTS = YES;
				CLANG_WARN_EMPTY_BODY = YES;
				CLANG_WARN_ENUM_CONVERSION = YES;
				CLANG_WARN_INFINITE_RECURSION = YES;
				CLANG_WARN_INT_CONVERSION = YES;
				CLANG_WARN_NON_LITERAL_NULL_CONVERSION = YES;
				CLANG_WARN_OBJC_IMPLICIT_RETAIN_SELF = YES;
				CLANG_WARN_OBJC_LITERAL_CONVERSION = YES;
				CLANG_WARN_OBJC_ROOT_CLASS = YES_ERROR;
				CLANG_WARN_QUOTED_INCLUDE_IN_FRAMEWORK_HEADER = YES;
				CLANG_WARN_RANGE_LOOP_ANALYSIS = YES;
				CLANG_WARN_STRICT_PROTOTYPES = YES;
				CLANG_WARN_SUSPICIOUS_MOVE = YES;
				CLANG_WARN_UNGUARDED_AVAILABILITY = YES_AGGRESSIVE;
				CLANG_WARN_UNREACHABLE_CODE = YES;
				CLANG_WARN__DUPLICATE_METHOD_MATCH = YES;
				COPY_PHASE_STRIP = NO;
				DEBUG_INFORMATION_FORMAT = dwarf;
				ENABLE_STRICT_OBJC_MSGSEND = YES;
				ENABLE_TESTABILITY = YES;
				ENABLE_USER_SCRIPT_SANDBOXING = YES;
				GCC_C_LANGUAGE_STANDARD = gnu17;
				GCC_DYNAMIC_NO_PIC = NO;
				GCC_NO_COMMON_BLOCKS = YES;
				GCC_OPTIMIZATION_LEVEL = 0;
				GCC_PREPROCESSOR_DEFINITIONS = (
					"DEBUG=1",
					"$(inherited)",
				);
				GCC_WARN_64_TO_32_BIT_CONVERSION = YES;
				GCC_WARN_ABOUT_RETURN_TYPE = YES_ERROR;
				GCC_WARN_UNDECLARED_SELECTOR = YES;
				GCC_WARN_UNINITIALIZED_AUTOS = YES_AGGRESSIVE;
				GCC_WARN_UNUSED_FUNCTION = YES;
				GCC_WARN_UNUSED_VARIABLE = YES;
				IPHONEOS_DEPLOYMENT_TARGET = 17.5;
				LOCALIZATION_PREFERS_STRING_CATALOGS = YES;
				MTL_ENABLE_DEBUG_INFO = INCLUDE_SOURCE;
				MTL_FAST_MATH = YES;
				ONLY_ACTIVE_ARCH = YES;
				SDKROOT = iphoneos;
				SWIFT_ACTIVE_COMPILATION_CONDITIONS = "DEBUG $(inherited)";
				SWIFT_OPTIMIZATION_LEVEL = "-Onone";
			};
			name = Debug;
		};
		51EED85C2C2DB855003F9E50 /* Release */ = {
			isa = XCBuildConfiguration;
			buildSettings = {
				ALWAYS_SEARCH_USER_PATHS = NO;
				ASSETCATALOG_COMPILER_GENERATE_SWIFT_ASSET_SYMBOL_EXTENSIONS = YES;
				CLANG_ANALYZER_NONNULL = YES;
				CLANG_ANALYZER_NUMBER_OBJECT_CONVERSION = YES_AGGRESSIVE;
				CLANG_CXX_LANGUAGE_STANDARD = "gnu++20";
				CLANG_ENABLE_MODULES = YES;
				CLANG_ENABLE_OBJC_ARC = YES;
				CLANG_ENABLE_OBJC_WEAK = YES;
				CLANG_WARN_BLOCK_CAPTURE_AUTORELEASING = YES;
				CLANG_WARN_BOOL_CONVERSION = YES;
				CLANG_WARN_COMMA = YES;
				CLANG_WARN_CONSTANT_CONVERSION = YES;
				CLANG_WARN_DEPRECATED_OBJC_IMPLEMENTATIONS = YES;
				CLANG_WARN_DIRECT_OBJC_ISA_USAGE = YES_ERROR;
				CLANG_WARN_DOCUMENTATION_COMMENTS = YES;
				CLANG_WARN_EMPTY_BODY = YES;
				CLANG_WARN_ENUM_CONVERSION = YES;
				CLANG_WARN_INFINITE_RECURSION = YES;
				CLANG_WARN_INT_CONVERSION = YES;
				CLANG_WARN_NON_LITERAL_NULL_CONVERSION = YES;
				CLANG_WARN_OBJC_IMPLICIT_RETAIN_SELF = YES;
				CLANG_WARN_OBJC_LITERAL_CONVERSION = YES;
				CLANG_WARN_OBJC_ROOT_CLASS = YES_ERROR;
				CLANG_WARN_QUOTED_INCLUDE_IN_FRAMEWORK_HEADER = YES;
				CLANG_WARN_RANGE_LOOP_ANALYSIS = YES;
				CLANG_WARN_STRICT_PROTOTYPES = YES;
				CLANG_WARN_SUSPICIOUS_MOVE = YES;
				CLANG_WARN_UNGUARDED_AVAILABILITY = YES_AGGRESSIVE;
				CLANG_WARN_UNREACHABLE_CODE = YES;
				CLANG_WARN__DUPLICATE_METHOD_MATCH = YES;
				COPY_PHASE_STRIP = NO;
				DEBUG_INFORMATION_FORMAT = "dwarf-with-dsym";
				ENABLE_NS_ASSERTIONS = NO;
				ENABLE_STRICT_OBJC_MSGSEND = YES;
				ENABLE_USER_SCRIPT_SANDBOXING = YES;
				GCC_C_LANGUAGE_STANDARD = gnu17;
				GCC_NO_COMMON_BLOCKS = YES;
				GCC_WARN_64_TO_32_BIT_CONVERSION = YES;
				GCC_WARN_ABOUT_RETURN_TYPE = YES_ERROR;
				GCC_WARN_UNDECLARED_SELECTOR = YES;
				GCC_WARN_UNINITIALIZED_AUTOS = YES_AGGRESSIVE;
				GCC_WARN_UNUSED_FUNCTION = YES;
				GCC_WARN_UNUSED_VARIABLE = YES;
				IPHONEOS_DEPLOYMENT_TARGET = 17.5;
				LOCALIZATION_PREFERS_STRING_CATALOGS = YES;
				MTL_ENABLE_DEBUG_INFO = NO;
				MTL_FAST_MATH = YES;
				SDKROOT = iphoneos;
				SWIFT_COMPILATION_MODE = wholemodule;
				VALIDATE_PRODUCT = YES;
			};
			name = Release;
		};
		51EED85E2C2DB855003F9E50 /* Debug */ = {
			isa = XCBuildConfiguration;
			buildSettings = {
				ASSETCATALOG_COMPILER_APPICON_NAME = AppIcon;
				ASSETCATALOG_COMPILER_GLOBAL_ACCENT_COLOR_NAME = AccentColor;
				CODE_SIGN_STYLE = Automatic;
				CURRENT_PROJECT_VERSION = 1;
				DEBUG_INFORMATION_FORMAT = "dwarf-with-dsym";
				DEVELOPMENT_ASSET_PATHS = "\"myMaskApp/Preview Content\"";
				DEVELOPMENT_TEAM = FZKGRP9854;
				ENABLE_PREVIEWS = YES;
				GENERATE_INFOPLIST_FILE = YES;
				INFOPLIST_FILE = myMaskApp/Info.plist;
				INFOPLIST_KEY_NSCameraUsageDescription = "";
				INFOPLIST_KEY_UIApplicationSupportsIndirectInputEvents = YES;
				INFOPLIST_KEY_UILaunchScreen_Generation = YES;
				INFOPLIST_KEY_UIRequiredDeviceCapabilities = arkit;
				INFOPLIST_KEY_UIStatusBarHidden = YES;
				INFOPLIST_KEY_UISupportedInterfaceOrientations_iPad = "UIInterfaceOrientationPortrait UIInterfaceOrientationPortraitUpsideDown UIInterfaceOrientationLandscapeLeft UIInterfaceOrientationLandscapeRight";
				INFOPLIST_KEY_UISupportedInterfaceOrientations_iPhone = "UIInterfaceOrientationPortrait UIInterfaceOrientationLandscapeLeft UIInterfaceOrientationLandscapeRight";
				LD_RUNPATH_SEARCH_PATHS = (
					"$(inherited)",
					"@executable_path/Frameworks",
				);
				MARKETING_VERSION = 1.0;
				NSApplicationCrashOnExceptions = YES;
				"OTHER_LDFLAGS[arch=*]" = "-ObjC";
				PRODUCT_BUNDLE_IDENTIFIER = blinmakersha.myMaskApp;
				PRODUCT_NAME = "$(TARGET_NAME)";
				SWIFT_EMIT_LOC_STRINGS = YES;
				SWIFT_VERSION = 5.0;
				TARGETED_DEVICE_FAMILY = "1,2";
			};
			name = Debug;
		};
		51EED85F2C2DB855003F9E50 /* Release */ = {
			isa = XCBuildConfiguration;
			buildSettings = {
				ASSETCATALOG_COMPILER_APPICON_NAME = AppIcon;
				ASSETCATALOG_COMPILER_GLOBAL_ACCENT_COLOR_NAME = AccentColor;
				CODE_SIGN_STYLE = Automatic;
				CURRENT_PROJECT_VERSION = 1;
				DEVELOPMENT_ASSET_PATHS = "\"myMaskApp/Preview Content\"";
				DEVELOPMENT_TEAM = FZKGRP9854;
				ENABLE_PREVIEWS = YES;
				GENERATE_INFOPLIST_FILE = YES;
				INFOPLIST_FILE = myMaskApp/Info.plist;
				INFOPLIST_KEY_NSCameraUsageDescription = "";
				INFOPLIST_KEY_UIApplicationSupportsIndirectInputEvents = YES;
				INFOPLIST_KEY_UILaunchScreen_Generation = YES;
				INFOPLIST_KEY_UIRequiredDeviceCapabilities = arkit;
				INFOPLIST_KEY_UIStatusBarHidden = YES;
				INFOPLIST_KEY_UISupportedInterfaceOrientations_iPad = "UIInterfaceOrientationPortrait UIInterfaceOrientationPortraitUpsideDown UIInterfaceOrientationLandscapeLeft UIInterfaceOrientationLandscapeRight";
				INFOPLIST_KEY_UISupportedInterfaceOrientations_iPhone = "UIInterfaceOrientationPortrait UIInterfaceOrientationLandscapeLeft UIInterfaceOrientationLandscapeRight";
				LD_RUNPATH_SEARCH_PATHS = (
					"$(inherited)",
					"@executable_path/Frameworks",
				);
				MARKETING_VERSION = 1.0;
				NSApplicationCrashOnExceptions = YES;
				"OTHER_LDFLAGS[arch=*]" = "-ObjC";
				PRODUCT_BUNDLE_IDENTIFIER = blinmakersha.myMaskApp;
				PRODUCT_NAME = "$(TARGET_NAME)";
				SWIFT_EMIT_LOC_STRINGS = YES;
				SWIFT_VERSION = 5.0;
				TARGETED_DEVICE_FAMILY = "1,2";
			};
			name = Release;
		};
/* End XCBuildConfiguration section */

/* Begin XCConfigurationList section */
		51EED84A2C2DB854003F9E50 /* Build configuration list for PBXProject "myMaskApp" */ = {
			isa = XCConfigurationList;
			buildConfigurations = (
				51EED85B2C2DB855003F9E50 /* Debug */,
				51EED85C2C2DB855003F9E50 /* Release */,
			);
			defaultConfigurationIsVisible = 0;
			defaultConfigurationName = Release;
		};
		51EED85D2C2DB855003F9E50 /* Build configuration list for PBXNativeTarget "myMaskApp" */ = {
			isa = XCConfigurationList;
			buildConfigurations = (
				51EED85E2C2DB855003F9E50 /* Debug */,
				51EED85F2C2DB855003F9E50 /* Release */,
			);
			defaultConfigurationIsVisible = 0;
			defaultConfigurationName = Release;
		};
/* End XCConfigurationList section */

/* Begin XCRemoteSwiftPackageReference section */
		51C305C32C2DED8100ABAA02 /* XCRemoteSwiftPackageReference "firebase-ios-sdk" */ = {
			isa = XCRemoteSwiftPackageReference;
			repositoryURL = "https://github.com/firebase/firebase-ios-sdk.git";
			requirement = {
				kind = upToNextMajorVersion;
				minimumVersion = 10.28.1;
			};
		};
/* End XCRemoteSwiftPackageReference section */

/* Begin XCSwiftPackageProductDependency section */
		51C305C42C2DED8100ABAA02 /* FirebaseCrashlytics */ = {
			isa = XCSwiftPackageProductDependency;
			package = 51C305C32C2DED8100ABAA02 /* XCRemoteSwiftPackageReference "firebase-ios-sdk" */;
			productName = FirebaseCrashlytics;
		};
/* End XCSwiftPackageProductDependency section */
	};
	rootObject = 51EED8472C2DB854003F9E50 /* Project object */;
}
